// !$*UTF8*$!
{
	archiveVersion = 1;
	classes = {
	};
	objectVersion = 46;
	objects = {

/* Begin PBXBuildFile section */
		0332EE7BA9FFD149B0BEE0C4 /* ModelManager.swift in Sources */ = {isa = PBXBuildFile; fileRef = 7ED24C3D58901900931F5D2C /* ModelManager.swift */; };
		04F5CEE790EC69E6227CA6D0 /* ResultsListView.swift in Sources */ = {isa = PBXBuildFile; fileRef = CA43E18C9E4700C8EB1CA668 /* ResultsListView.swift */; };
		1F1B315EB78DE8BAD4AF9B23 /* InferenceEngine.swift in Sources */ = {isa = PBXBuildFile; fileRef = F7FC256BFC51662B76D1F1AC /* InferenceEngine.swift */; };
		23D26AA4F5A49A211494730C /* MemoryGaugeView.swift in Sources */ = {isa = PBXBuildFile; fileRef = ACBAF9C4B5246BE056F0E214 /* MemoryGaugeView.swift */; };
		2E7041B2D6E89762B54A8539 /* ModelsListView.swift in Sources */ = {isa = PBXBuildFile; fileRef = F966E8E35BA3FEC4DFAD9B97 /* ModelsListView.swift */; };
		311B2C954CA1D777C3B94499 /* TestHarness.swift in Sources */ = {isa = PBXBuildFile; fileRef = 7BC40D865847E5D5F6AEBFEF /* TestHarness.swift */; };
		382235546A123A6013606B55 /* ResultDetailView.swift in Sources */ = {isa = PBXBuildFile; fileRef = 20740C63D45F1662DF50148D /* ResultDetailView.swift */; };
		463F27D02B39CBF109462DF8 /* test_article.txt in Resources */ = {isa = PBXBuildFile; fileRef = C0D41B8AC8D56D43A6F18FE8 /* test_article.txt */; };
		8162F7281C586990A1EFDA7D /* Foundation.framework in Frameworks */ = {isa = PBXBuildFile; fileRef = 382967033091A27E82AA473E /* Foundation.framework */; };
		81CE1AFE2199DE175045E91A /* MetricsStore.swift in Sources */ = {isa = PBXBuildFile; fileRef = 038F62E8F1700969B74F3394 /* MetricsStore.swift */; };
		82CE2F50FEE669C8A25A54F0 /* ContentView.swift in Sources */ = {isa = PBXBuildFile; fileRef = FB07593AD93EB5810A0A30F4 /* ContentView.swift */; };
		8605BA3C55A240AB6561B51F /* MemoryMonitor.swift in Sources */ = {isa = PBXBuildFile; fileRef = 9F0B49ADC7552E92188E0F77 /* MemoryMonitor.swift */; };
		86F42CD9E5BE3ED11E629B5C /* LocalChatIOSApp.swift in Sources */ = {isa = PBXBuildFile; fileRef = A72104A2ECFC3CEC4ED64776 /* LocalChatIOSApp.swift */; };
		CF7DD282BBA33B45C58546F9 /* InferenceResult.swift in Sources */ = {isa = PBXBuildFile; fileRef = FAB30DAD678153228BA2257C /* InferenceResult.swift */; };
		E02DD46BC94CFA2910464C19 /* RunTestView.swift in Sources */ = {isa = PBXBuildFile; fileRef = B7F8E1BA2686FCB806B2BF4E /* RunTestView.swift */; };
		E428DB0A224049AFC86A29E3 /* ModelLoadStatus.swift in Sources */ = {isa = PBXBuildFile; fileRef = BF00B436F0B63B25199387BF /* ModelLoadStatus.swift */; };
		EF34FF66D788FCE4B91C036A /* ModelInfo.swift in Sources */ = {isa = PBXBuildFile; fileRef = 3CCF57ECFF6D59CB1F583093 /* ModelInfo.swift */; };
		F19C5772EC5ACB991672A8CF /* InferenceInput.swift in Sources */ = {isa = PBXBuildFile; fileRef = 92C1CB9BD5D2279D42077FC0 /* InferenceInput.swift */; };
/* End PBXBuildFile section */

/* Begin PBXFileReference section */
		038F62E8F1700969B74F3394 /* MetricsStore.swift */ = {isa = PBXFileReference; includeInIndex = 1; lastKnownFileType = sourcecode.swift; name = MetricsStore.swift; path = "local-chat-ios/Services/MetricsStore.swift"; sourceTree = "<group>"; };
		20740C63D45F1662DF50148D /* ResultDetailView.swift */ = {isa = PBXFileReference; includeInIndex = 1; lastKnownFileType = sourcecode.swift; name = ResultDetailView.swift; path = "local-chat-ios/UI/Results/ResultDetailView.swift"; sourceTree = "<group>"; };
		3268D97CF38B13133EC9787F /* local-chat-ios.app */ = {isa = PBXFileReference; explicitFileType = wrapper.application; includeInIndex = 0; path = "local-chat-ios.app"; sourceTree = BUILT_PRODUCTS_DIR; };
		382967033091A27E82AA473E /* Foundation.framework */ = {isa = PBXFileReference; lastKnownFileType = wrapper.framework; name = Foundation.framework; path = Platforms/iPhoneOS.platform/Developer/SDKs/iPhoneOS18.0.sdk/System/Library/Frameworks/Foundation.framework; sourceTree = DEVELOPER_DIR; };
		3CCF57ECFF6D59CB1F583093 /* ModelInfo.swift */ = {isa = PBXFileReference; includeInIndex = 1; lastKnownFileType = sourcecode.swift; name = ModelInfo.swift; path = "local-chat-ios/Models/ModelInfo.swift"; sourceTree = "<group>"; };
		7BC40D865847E5D5F6AEBFEF /* TestHarness.swift */ = {isa = PBXFileReference; includeInIndex = 1; lastKnownFileType = sourcecode.swift; name = TestHarness.swift; path = "local-chat-ios/Services/TestHarness.swift"; sourceTree = "<group>"; };
		7ED24C3D58901900931F5D2C /* ModelManager.swift */ = {isa = PBXFileReference; includeInIndex = 1; lastKnownFileType = sourcecode.swift; name = ModelManager.swift; path = "local-chat-ios/Services/ModelManager.swift"; sourceTree = "<group>"; };
		92C1CB9BD5D2279D42077FC0 /* InferenceInput.swift */ = {isa = PBXFileReference; includeInIndex = 1; lastKnownFileType = sourcecode.swift; name = InferenceInput.swift; path = "local-chat-ios/Models/InferenceInput.swift"; sourceTree = "<group>"; };
		9F0B49ADC7552E92188E0F77 /* MemoryMonitor.swift */ = {isa = PBXFileReference; includeInIndex = 1; lastKnownFileType = sourcecode.swift; name = MemoryMonitor.swift; path = "local-chat-ios/Services/MemoryMonitor.swift"; sourceTree = "<group>"; };
		A72104A2ECFC3CEC4ED64776 /* LocalChatIOSApp.swift */ = {isa = PBXFileReference; includeInIndex = 1; lastKnownFileType = sourcecode.swift; name = LocalChatIOSApp.swift; path = "local-chat-ios/App/LocalChatIOSApp.swift"; sourceTree = "<group>"; };
		ACBAF9C4B5246BE056F0E214 /* MemoryGaugeView.swift */ = {isa = PBXFileReference; includeInIndex = 1; lastKnownFileType = sourcecode.swift; name = MemoryGaugeView.swift; path = "local-chat-ios/UI/RunTest/MemoryGaugeView.swift"; sourceTree = "<group>"; };
		B7F8E1BA2686FCB806B2BF4E /* RunTestView.swift */ = {isa = PBXFileReference; includeInIndex = 1; lastKnownFileType = sourcecode.swift; name = RunTestView.swift; path = "local-chat-ios/UI/RunTest/RunTestView.swift"; sourceTree = "<group>"; };
		BF00B436F0B63B25199387BF /* ModelLoadStatus.swift */ = {isa = PBXFileReference; includeInIndex = 1; lastKnownFileType = sourcecode.swift; name = ModelLoadStatus.swift; path = "local-chat-ios/Models/ModelLoadStatus.swift"; sourceTree = "<group>"; };
		C0D41B8AC8D56D43A6F18FE8 /* test_article.txt */ = {isa = PBXFileReference; includeInIndex = 1; name = test_article.txt; path = "local-chat-ios/Resources/test_article.txt"; sourceTree = "<group>"; };
		CA43E18C9E4700C8EB1CA668 /* ResultsListView.swift */ = {isa = PBXFileReference; includeInIndex = 1; lastKnownFileType = sourcecode.swift; name = ResultsListView.swift; path = "local-chat-ios/UI/Results/ResultsListView.swift"; sourceTree = "<group>"; };
		F7FC256BFC51662B76D1F1AC /* InferenceEngine.swift */ = {isa = PBXFileReference; includeInIndex = 1; lastKnownFileType = sourcecode.swift; name = InferenceEngine.swift; path = "local-chat-ios/Services/InferenceEngine.swift"; sourceTree = "<group>"; };
		F966E8E35BA3FEC4DFAD9B97 /* ModelsListView.swift */ = {isa = PBXFileReference; includeInIndex = 1; lastKnownFileType = sourcecode.swift; name = ModelsListView.swift; path = "local-chat-ios/UI/Models/ModelsListView.swift"; sourceTree = "<group>"; };
		FAB30DAD678153228BA2257C /* InferenceResult.swift */ = {isa = PBXFileReference; includeInIndex = 1; lastKnownFileType = sourcecode.swift; name = InferenceResult.swift; path = "local-chat-ios/Models/InferenceResult.swift"; sourceTree = "<group>"; };
		FB07593AD93EB5810A0A30F4 /* ContentView.swift */ = {isa = PBXFileReference; includeInIndex = 1; lastKnownFileType = sourcecode.swift; name = ContentView.swift; path = "local-chat-ios/UI/ContentView.swift"; sourceTree = "<group>"; };
/* End PBXFileReference section */

/* Begin PBXFrameworksBuildPhase section */
		5ACC2B713770EA57CD70E809 /* Frameworks */ = {
			isa = PBXFrameworksBuildPhase;
			buildActionMask = 2147483647;
			files = (
				8162F7281C586990A1EFDA7D /* Foundation.framework in Frameworks */,
			);
			runOnlyForDeploymentPostprocessing = 0;
		};
/* End PBXFrameworksBuildPhase section */

/* Begin PBXGroup section */
		39D6B5A0640D3D71E1FB3861 /* App */ = {
			isa = PBXGroup;
			children = (
				A72104A2ECFC3CEC4ED64776 /* LocalChatIOSApp.swift */,
			);
			name = App;
			path = "local-chat-ios/App";
			sourceTree = "<group>";
		};
		3EE1A12CB80D78004EBE3BB0 /* Products */ = {
			isa = PBXGroup;
			children = (
				3268D97CF38B13133EC9787F /* local-chat-ios.app */,
			);
			name = Products;
			sourceTree = "<group>";
		};
		6395C97137FE2CFF5CB78F8A /* Models */ = {
			isa = PBXGroup;
			children = (
				FAB30DAD678153228BA2257C /* InferenceResult.swift */,
				BF00B436F0B63B25199387BF /* ModelLoadStatus.swift */,
				3CCF57ECFF6D59CB1F583093 /* ModelInfo.swift */,
				92C1CB9BD5D2279D42077FC0 /* InferenceInput.swift */,
			);
			name = Models;
			path = "local-chat-ios/Models";
			sourceTree = "<group>";
		};
		6A0DEBBC23651C119F55712A /* iOS */ = {
			isa = PBXGroup;
			children = (
				382967033091A27E82AA473E /* Foundation.framework */,
			);
			name = iOS;
			sourceTree = "<group>";
		};
		A4C0A3764432D281C6E5C5B1 /* Resources */ = {
			isa = PBXGroup;
			children = (
				C0D41B8AC8D56D43A6F18FE8 /* test_article.txt */,
			);
			name = Resources;
			path = "local-chat-ios/Resources";
			sourceTree = "<group>";
		};
		A6D1B412A45B11C1878E16A8 /* Frameworks */ = {
			isa = PBXGroup;
			children = (
				6A0DEBBC23651C119F55712A /* iOS */,
			);
			name = Frameworks;
			sourceTree = "<group>";
		};
		B7418BB267B579C1BC599AFF = {
			isa = PBXGroup;
			children = (
				3EE1A12CB80D78004EBE3BB0 /* Products */,
				A6D1B412A45B11C1878E16A8 /* Frameworks */,
				39D6B5A0640D3D71E1FB3861 /* App */,
				6395C97137FE2CFF5CB78F8A /* Models */,
				BEF18CCB2CF527F7D1195AE7 /* Services */,
				FA8ECD2C1E38032718616747 /* UI */,
				A4C0A3764432D281C6E5C5B1 /* Resources */,
			);
			sourceTree = "<group>";
		};
		BEF18CCB2CF527F7D1195AE7 /* Services */ = {
			isa = PBXGroup;
			children = (
				038F62E8F1700969B74F3394 /* MetricsStore.swift */,
				F7FC256BFC51662B76D1F1AC /* InferenceEngine.swift */,
				9F0B49ADC7552E92188E0F77 /* MemoryMonitor.swift */,
				7BC40D865847E5D5F6AEBFEF /* TestHarness.swift */,
				7ED24C3D58901900931F5D2C /* ModelManager.swift */,
			);
			name = Services;
			path = "local-chat-ios/Services";
			sourceTree = "<group>";
		};
		C3598A22417554C8F374E15E /* RunTest */ = {
			isa = PBXGroup;
			children = (
				ACBAF9C4B5246BE056F0E214 /* MemoryGaugeView.swift */,
				B7F8E1BA2686FCB806B2BF4E /* RunTestView.swift */,
			);
			name = RunTest;
			path = "local-chat-ios/UI/RunTest";
			sourceTree = "<group>";
		};
		D04B70F4515127F4629BB34E /* Results */ = {
			isa = PBXGroup;
			children = (
				20740C63D45F1662DF50148D /* ResultDetailView.swift */,
				CA43E18C9E4700C8EB1CA668 /* ResultsListView.swift */,
			);
			name = Results;
			path = "local-chat-ios/UI/Results";
			sourceTree = "<group>";
		};
		EA5D129949B6072630BAB107 /* Models */ = {
			isa = PBXGroup;
			children = (
				F966E8E35BA3FEC4DFAD9B97 /* ModelsListView.swift */,
			);
			name = Models;
			path = "local-chat-ios/UI/Models";
			sourceTree = "<group>";
		};
		FA8ECD2C1E38032718616747 /* UI */ = {
			isa = PBXGroup;
			children = (
				C3598A22417554C8F374E15E /* RunTest */,
				D04B70F4515127F4629BB34E /* Results */,
				EA5D129949B6072630BAB107 /* Models */,
				FB07593AD93EB5810A0A30F4 /* ContentView.swift */,
			);
			name = UI;
			sourceTree = "<group>";
		};
/* End PBXGroup section */

/* Begin PBXNativeTarget section */
		C17F800124B7CFD9DD607B0E /* local-chat-ios */ = {
			isa = PBXNativeTarget;
			buildConfigurationList = A568B2CA3810E82912D43397 /* Build configuration list for PBXNativeTarget "local-chat-ios" */;
			buildPhases = (
				2F99A5F99C8B71848E5762CC /* Sources */,
				5ACC2B713770EA57CD70E809 /* Frameworks */,
				B91BA3477703D190E46BAD10 /* Resources */,
			);
			buildRules = (
			);
			dependencies = (
			);
			name = "local-chat-ios";
			productName = "local-chat-ios";
			productReference = 3268D97CF38B13133EC9787F /* local-chat-ios.app */;
			productType = "com.apple.product-type.application";
		};
/* End PBXNativeTarget section */

/* Begin PBXProject section */
		4F276D4FD781147C59C39DD1 /* Project object */ = {
			isa = PBXProject;
			attributes = {
				LastSwiftUpdateCheck = 1600;
				LastUpgradeCheck = 1600;
			};
			buildConfigurationList = 3A6A27A51D6CFB50AE025890 /* Build configuration list for PBXProject "local-chat-ios" */;
			compatibilityVersion = "Xcode 3.2";
			developmentRegion = en;
			hasScannedForEncodings = 0;
			knownRegions = (
				en,
				Base,
			);
			mainGroup = B7418BB267B579C1BC599AFF;
			minimizedProjectReferenceProxies = 0;
			preferredProjectObjectVersion = 77;
			productRefGroup = 3EE1A12CB80D78004EBE3BB0 /* Products */;
			projectDirPath = "";
			projectRoot = "";
			targets = (
				C17F800124B7CFD9DD607B0E /* local-chat-ios */,
			);
		};
/* End PBXProject section */

/* Begin PBXResourcesBuildPhase section */
		B91BA3477703D190E46BAD10 /* Resources */ = {
			isa = PBXResourcesBuildPhase;
			buildActionMask = 2147483647;
			files = (
				463F27D02B39CBF109462DF8 /* test_article.txt in Resources */,
			);
			runOnlyForDeploymentPostprocessing = 0;
		};
/* End PBXResourcesBuildPhase section */

/* Begin PBXSourcesBuildPhase section */
		2F99A5F99C8B71848E5762CC /* Sources */ = {
			isa = PBXSourcesBuildPhase;
			buildActionMask = 2147483647;
			files = (
				82CE2F50FEE669C8A25A54F0 /* ContentView.swift in Sources */,
				86F42CD9E5BE3ED11E629B5C /* LocalChatIOSApp.swift in Sources */,
				CF7DD282BBA33B45C58546F9 /* InferenceResult.swift in Sources */,
				E428DB0A224049AFC86A29E3 /* ModelLoadStatus.swift in Sources */,
				EF34FF66D788FCE4B91C036A /* ModelInfo.swift in Sources */,
				F19C5772EC5ACB991672A8CF /* InferenceInput.swift in Sources */,
				81CE1AFE2199DE175045E91A /* MetricsStore.swift in Sources */,
				1F1B315EB78DE8BAD4AF9B23 /* InferenceEngine.swift in Sources */,
				8605BA3C55A240AB6561B51F /* MemoryMonitor.swift in Sources */,
				311B2C954CA1D777C3B94499 /* TestHarness.swift in Sources */,
				0332EE7BA9FFD149B0BEE0C4 /* ModelManager.swift in Sources */,
				23D26AA4F5A49A211494730C /* MemoryGaugeView.swift in Sources */,
				E02DD46BC94CFA2910464C19 /* RunTestView.swift in Sources */,
				382235546A123A6013606B55 /* ResultDetailView.swift in Sources */,
				04F5CEE790EC69E6227CA6D0 /* ResultsListView.swift in Sources */,
				2E7041B2D6E89762B54A8539 /* ModelsListView.swift in Sources */,
			);
			runOnlyForDeploymentPostprocessing = 0;
		};
/* End PBXSourcesBuildPhase section */

/* Begin XCBuildConfiguration section */
		55F3753D6EFF868FCD1D197A /* Release */ = {
			isa = XCBuildConfiguration;
			buildSettings = {
				ALWAYS_SEARCH_USER_PATHS = NO;
				CLANG_ANALYZER_NONNULL = YES;
				CLANG_ANALYZER_NUMBER_OBJECT_CONVERSION = YES_AGGRESSIVE;
				CLANG_CXX_LANGUAGE_STANDARD = "gnu++14";
				CLANG_CXX_LIBRARY = "libc++";
				CLANG_ENABLE_MODULES = YES;
				CLANG_ENABLE_OBJC_ARC = YES;
				CLANG_ENABLE_OBJC_WEAK = YES;
				CLANG_WARN_BLOCK_CAPTURE_AUTORELEASING = YES;
				CLANG_WARN_BOOL_CONVERSION = YES;
				CLANG_WARN_COMMA = YES;
				CLANG_WARN_CONSTANT_CONVERSION = YES;
				CLANG_WARN_DEPRECATED_OBJC_IMPLEMENTATIONS = YES;
				CLANG_WARN_DIRECT_OBJC_ISA_USAGE = YES_ERROR;
				CLANG_WARN_DOCUMENTATION_COMMENTS = YES;
				CLANG_WARN_EMPTY_BODY = YES;
				CLANG_WARN_ENUM_CONVERSION = YES;
				CLANG_WARN_INFINITE_RECURSION = YES;
				CLANG_WARN_INT_CONVERSION = YES;
				CLANG_WARN_NON_LITERAL_NULL_CONVERSION = YES;
				CLANG_WARN_OBJC_IMPLICIT_RETAIN_SELF = YES;
				CLANG_WARN_OBJC_LITERAL_CONVERSION = YES;
				CLANG_WARN_OBJC_ROOT_CLASS = YES_ERROR;
				CLANG_WARN_QUOTED_INCLUDE_IN_FRAMEWORK_HEADER = YES;
				CLANG_WARN_RANGE_LOOP_ANALYSIS = YES;
				CLANG_WARN_STRICT_PROTOTYPES = YES;
				CLANG_WARN_SUSPICIOUS_MOVE = YES;
				CLANG_WARN_UNGUARDED_AVAILABILITY = YES_AGGRESSIVE;
				CLANG_WARN_UNREACHABLE_CODE = YES;
				CLANG_WARN__DUPLICATE_METHOD_MATCH = YES;
				COPY_PHASE_STRIP = NO;
				DEBUG_INFORMATION_FORMAT = "dwarf-with-dsym";
				ENABLE_NS_ASSERTIONS = NO;
				ENABLE_STRICT_OBJC_MSGSEND = YES;
				GCC_C_LANGUAGE_STANDARD = gnu11;
				GCC_NO_COMMON_BLOCKS = YES;
				GCC_WARN_64_TO_32_BIT_CONVERSION = YES;
				GCC_WARN_ABOUT_RETURN_TYPE = YES_ERROR;
				GCC_WARN_UNDECLARED_SELECTOR = YES;
				GCC_WARN_UNINITIALIZED_AUTOS = YES_AGGRESSIVE;
				GCC_WARN_UNUSED_FUNCTION = YES;
				GCC_WARN_UNUSED_VARIABLE = YES;
				MTL_ENABLE_DEBUG_INFO = NO;
				MTL_FAST_MATH = YES;
				PRODUCT_NAME = "$(TARGET_NAME)";
				SWIFT_COMPILATION_MODE = wholemodule;
				SWIFT_OPTIMIZATION_LEVEL = "-O";
				SWIFT_VERSION = 5.0;
			};
			name = Release;
		};
		7144E2AA5D74C5C8CDDA4DE8 /* Debug */ = {
			isa = XCBuildConfiguration;
			buildSettings = {
				ALWAYS_SEARCH_USER_PATHS = NO;
				CLANG_ANALYZER_NONNULL = YES;
				CLANG_ANALYZER_NUMBER_OBJECT_CONVERSION = YES_AGGRESSIVE;
				CLANG_CXX_LANGUAGE_STANDARD = "gnu++14";
				CLANG_CXX_LIBRARY = "libc++";
				CLANG_ENABLE_MODULES = YES;
				CLANG_ENABLE_OBJC_ARC = YES;
				CLANG_ENABLE_OBJC_WEAK = YES;
				CLANG_WARN_BLOCK_CAPTURE_AUTORELEASING = YES;
				CLANG_WARN_BOOL_CONVERSION = YES;
				CLANG_WARN_COMMA = YES;
				CLANG_WARN_CONSTANT_CONVERSION = YES;
				CLANG_WARN_DEPRECATED_OBJC_IMPLEMENTATIONS = YES;
				CLANG_WARN_DIRECT_OBJC_ISA_USAGE = YES_ERROR;
				CLANG_WARN_DOCUMENTATION_COMMENTS = YES;
				CLANG_WARN_EMPTY_BODY = YES;
				CLANG_WARN_ENUM_CONVERSION = YES;
				CLANG_WARN_INFINITE_RECURSION = YES;
				CLANG_WARN_INT_CONVERSION = YES;
				CLANG_WARN_NON_LITERAL_NULL_CONVERSION = YES;
				CLANG_WARN_OBJC_IMPLICIT_RETAIN_SELF = YES;
				CLANG_WARN_OBJC_LITERAL_CONVERSION = YES;
				CLANG_WARN_OBJC_ROOT_CLASS = YES_ERROR;
				CLANG_WARN_QUOTED_INCLUDE_IN_FRAMEWORK_HEADER = YES;
				CLANG_WARN_RANGE_LOOP_ANALYSIS = YES;
				CLANG_WARN_STRICT_PROTOTYPES = YES;
				CLANG_WARN_SUSPICIOUS_MOVE = YES;
				CLANG_WARN_UNGUARDED_AVAILABILITY = YES_AGGRESSIVE;
				CLANG_WARN_UNREACHABLE_CODE = YES;
				CLANG_WARN__DUPLICATE_METHOD_MATCH = YES;
				COPY_PHASE_STRIP = NO;
				DEBUG_INFORMATION_FORMAT = dwarf;
				ENABLE_STRICT_OBJC_MSGSEND = YES;
				ENABLE_TESTABILITY = YES;
				GCC_C_LANGUAGE_STANDARD = gnu11;
				GCC_DYNAMIC_NO_PIC = NO;
				GCC_NO_COMMON_BLOCKS = YES;
				GCC_OPTIMIZATION_LEVEL = 0;
				GCC_PREPROCESSOR_DEFINITIONS = (
					"DEBUG=1",
					"$(inherited)",
				);
				GCC_WARN_64_TO_32_BIT_CONVERSION = YES;
				GCC_WARN_ABOUT_RETURN_TYPE = YES_ERROR;
				GCC_WARN_UNDECLARED_SELECTOR = YES;
				GCC_WARN_UNINITIALIZED_AUTOS = YES_AGGRESSIVE;
				GCC_WARN_UNUSED_FUNCTION = YES;
				GCC_WARN_UNUSED_VARIABLE = YES;
				MTL_ENABLE_DEBUG_INFO = INCLUDE_SOURCE;
				MTL_FAST_MATH = YES;
				ONLY_ACTIVE_ARCH = YES;
				PRODUCT_NAME = "$(TARGET_NAME)";
				SWIFT_ACTIVE_COMPILATION_CONDITIONS = DEBUG;
				SWIFT_OPTIMIZATION_LEVEL = "-Onone";
				SWIFT_VERSION = 5.0;
			};
			name = Debug;
		};
		9BA4120B4E35F8553299343C /* Debug */ = {
			isa = XCBuildConfiguration;
			buildSettings = {
				ASSETCATALOG_COMPILER_APPICON_NAME = AppIcon;
				ASSETCATALOG_COMPILER_GLOBAL_ACCENT_COLOR_NAME = AccentColor;
				CLANG_ENABLE_OBJC_WEAK = NO;
				CODE_SIGN_ENTITLEMENTS = "local-chat-ios/local-chat-ios.entitlements";
				ENABLE_STRICT_SWIFT_CONCURRENCY = YES;
				INFOPLIST_FILE = "local-chat-ios/Info.plist";
				IPHONEOS_DEPLOYMENT_TARGET = 17.0;
				LD_RUNPATH_SEARCH_PATHS = "$(inherited) @executable_path/Frameworks";
				PRODUCT_BUNDLE_IDENTIFIER = com.localchat.ios;
				SDKROOT = iphoneos;
				SWIFT_VERSION = 5.0;
				TARGETED_DEVICE_FAMILY = 1;
			};
			name = Debug;
		};
		C65CE1009A1F89ABDC000BDD /* Release */ = {
			isa = XCBuildConfiguration;
			buildSettings = {
				ASSETCATALOG_COMPILER_APPICON_NAME = AppIcon;
				ASSETCATALOG_COMPILER_GLOBAL_ACCENT_COLOR_NAME = AccentColor;
				CLANG_ENABLE_OBJC_WEAK = NO;
				CODE_SIGN_ENTITLEMENTS = "local-chat-ios/local-chat-ios.entitlements";
				ENABLE_STRICT_SWIFT_CONCURRENCY = YES;
				INFOPLIST_FILE = "local-chat-ios/Info.plist";
				IPHONEOS_DEPLOYMENT_TARGET = 17.0;
				LD_RUNPATH_SEARCH_PATHS = "$(inherited) @executable_path/Frameworks";
				PRODUCT_BUNDLE_IDENTIFIER = com.localchat.ios;
				SDKROOT = iphoneos;
				SWIFT_VERSION = 5.0;
				TARGETED_DEVICE_FAMILY = 1;
				VALIDATE_PRODUCT = YES;
			};
			name = Release;
		};
/* End XCBuildConfiguration section */

/* Begin XCConfigurationList section */
		3A6A27A51D6CFB50AE025890 /* Build configuration list for PBXProject "local-chat-ios" */ = {
			isa = XCConfigurationList;
			buildConfigurations = (
				7144E2AA5D74C5C8CDDA4DE8 /* Debug */,
				55F3753D6EFF868FCD1D197A /* Release */,
			);
			defaultConfigurationIsVisible = 0;
			defaultConfigurationName = Release;
		};
		A568B2CA3810E82912D43397 /* Build configuration list for PBXNativeTarget "local-chat-ios" */ = {
			isa = XCConfigurationList;
			buildConfigurations = (
				C65CE1009A1F89ABDC000BDD /* Release */,
				9BA4120B4E35F8553299343C /* Debug */,
			);
			defaultConfigurationIsVisible = 0;
			defaultConfigurationName = Release;
		};
/* End XCConfigurationList section */
	};
	rootObject = 4F276D4FD781147C59C39DD1 /* Project object */;
}
